
Microsoft Visual Studio Solution File, Format Version 12.00
# Visual Studio 15
VisualStudioVersion = 15.0.28307.779
MinimumVisualStudioVersion = 10.0.40219.1
Project("{8BC9CEB8-8B4A-11D0-8D11-00A0C91BC942}") = "13. OperacionesMatriciales", "13. OperacionesMatriciales\13. OperacionesMatriciales.vcxproj", "{46F0B311-99D8-41C8-A911-5A15AEBA697A}"
EndProject
Global
	GlobalSection(SolutionConfigurationPlatforms) = preSolution
		Debug|x64 = Debug|x64
		Debug|x86 = Debug|x86
		Release|x64 = Release|x64
		Release|x86 = Release|x86
	EndGlobalSection
	GlobalSection(ProjectConfigurationPlatforms) = postSolution
		{46F0B311-99D8-41C8-A911-5A15AEBA697A}.Debug|x64.ActiveCfg = Debug|x64
		{46F0B311-99D8-41C8-A911-5A15AEBA697A}.Debug|x64.Build.0 = Debug|x64
		{46F0B311-99D8-41C8-A911-5A15AEBA697A}.Debug|x86.ActiveCfg = Debug|Win32
		{46F0B311-99D8-41C8-A911-5A15AEBA697A}.Debug|x86.Build.0 = Debug|Win32
		{46F0B311-99D8-41C8-A911-5A15AEBA697A}.Release|x64.ActiveCfg = Release|x64
		{46F0B311-99D8-41C8-A911-5A15AEBA697A}.Release|x64.Build.0 = Release|x64
		{46F0B311-99D8-41C8-A911-5A15AEBA697A}.Release|x86.ActiveCfg = Release|Win32
		{46F0B311-99D8-41C8-A911-5A15AEBA697A}.Release|x86.Build.0 = Release|Win32
	EndGlobalSection
	GlobalSection(SolutionProperties) = preSolution
		HideSolutionNode = FALSE
	EndGlobalSection
	GlobalSection(ExtensibilityGlobals) = postSolution
		SolutionGuid = {953A706E-4328-46B3-B57B-90EEDC4FE78B}
	EndGlobalSection
EndGlobal
